
Microsoft Visual Studio Solution File, Format Version 12.00
# Visual Studio Version 17
VisualStudioVersion = 17.9.34723.18
MinimumVisualStudioVersion = 10.0.40219.1
Project("{FAE04EC0-301F-11D3-BF4B-00C04F79EFBC}") = "Gestion_ecole", "Gestion_ecole\Gestion_ecole.csproj", "{95D8FC47-928A-416A-8389-5D506107E937}"
EndProject
Global
	GlobalSection(SolutionConfigurationPlatforms) = preSolution
		Debug|Any CPU = Debug|Any CPU
		Release|Any CPU = Release|Any CPU
	EndGlobalSection
	GlobalSection(ProjectConfigurationPlatforms) = postSolution
		{95D8FC47-928A-416A-8389-5D506107E937}.Debug|Any CPU.ActiveCfg = Debug|Any CPU
		{95D8FC47-928A-416A-8389-5D506107E937}.Debug|Any CPU.Build.0 = Debug|Any CPU
		{95D8FC47-928A-416A-8389-5D506107E937}.Release|Any CPU.ActiveCfg = Release|Any CPU
		{95D8FC47-928A-416A-8389-5D506107E937}.Release|Any CPU.Build.0 = Release|Any CPU
	EndGlobalSection
	GlobalSection(SolutionProperties) = preSolution
		HideSolutionNode = FALSE
	EndGlobalSection
	GlobalSection(ExtensibilityGlobals) = postSolution
		SolutionGuid = {3A7A8BF7-83B1-4439-80AA-5258A0B9E979}
	EndGlobalSection
EndGlobal
